
Microsoft Visual Studio Solution File, Format Version 12.00
# Visual Studio Version 17
VisualStudioVersion = 17.2.32630.192
MinimumVisualStudioVersion = 10.0.40219.1
Project("{2150E333-8FDC-42A3-9474-1A3956D46DE8}") = "Doc", "Doc", "{51A2DB4B-50A3-40FA-A04F-F54C80CFAD0C}"
EndProject
Project("{2150E333-8FDC-42A3-9474-1A3956D46DE8}") = "Src", "Src", "{B2FB97E6-40D3-4CB3-99E0-501E2633E01A}"
EndProject
Project("{2150E333-8FDC-42A3-9474-1A3956D46DE8}") = "Test", "Test", "{4A989DD4-4155-465B-AA48-D5AE4568CEAD}"
EndProject
Project("{2150E333-8FDC-42A3-9474-1A3956D46DE8}") = "Common", "Common", "{D16E3B90-1530-44C8-805D-78469C38E15C}"
EndProject
Project("{2150E333-8FDC-42A3-9474-1A3956D46DE8}") = "Core", "Core", "{A4E92816-0437-4E16-B863-7811D620539A}"
EndProject
Project("{2150E333-8FDC-42A3-9474-1A3956D46DE8}") = "Infrastructure", "Infrastructure", "{C8600E8E-2410-4E9F-B6F0-C27D628743B0}"
EndProject
Project("{2150E333-8FDC-42A3-9474-1A3956D46DE8}") = "Presentation", "Presentation", "{C4399231-B530-4F9C-8FB7-427105A68940}"
EndProject
Project("{9A19103F-16F7-4668-BE54-9A1E7A4F7556}") = "Tasnim_Loan.Domain", "Tasnim_Loan.Domain\Tasnim_Loan.Domain.csproj", "{36456C25-E49B-4AC8-A2D2-2ABDB25A385B}"
EndProject
Project("{9A19103F-16F7-4668-BE54-9A1E7A4F7556}") = "Tasnim_Loan.Application", "Tasnim_Loan.Application\Tasnim_Loan.Application.csproj", "{5853D4BE-A881-4F2A-A85A-910E215314CB}"
EndProject
Project("{9A19103F-16F7-4668-BE54-9A1E7A4F7556}") = "Tasnim_Loan.Infrastructure", "Tasnim_Loan.Infrastructure\Tasnim_Loan.Infrastructure.csproj", "{BD3C976A-13DA-4B4E-9BB8-292EA12DEE1F}"
EndProject
Project("{9A19103F-16F7-4668-BE54-9A1E7A4F7556}") = "Tasnim_Loan.Persistence", "Tasnim_Loan.Persistence\Tasnim_Loan.Persistence.csproj", "{AB6D59C8-A93B-4941-ADF1-F81E56D9D961}"
EndProject
Project("{9A19103F-16F7-4668-BE54-9A1E7A4F7556}") = "Tasnim_Loan.Common", "Tasnim_Loan.Common\Tasnim_Loan.Common.csproj", "{FB8E2EA9-76D4-4BF1-98E9-79F5ED9B2506}"
EndProject
Project("{FAE04EC0-301F-11D3-BF4B-00C04F79EFBC}") = "EndPoint.Site", "EndPoint.Site\EndPoint.Site.csproj", "{C32C8596-D9A6-4212-87C3-C56F884265F4}"
EndProject
Global
	GlobalSection(SolutionConfigurationPlatforms) = preSolution
		Debug|Any CPU = Debug|Any CPU
		Release|Any CPU = Release|Any CPU
	EndGlobalSection
	GlobalSection(ProjectConfigurationPlatforms) = postSolution
		{36456C25-E49B-4AC8-A2D2-2ABDB25A385B}.Debug|Any CPU.ActiveCfg = Debug|Any CPU
		{36456C25-E49B-4AC8-A2D2-2ABDB25A385B}.Debug|Any CPU.Build.0 = Debug|Any CPU
		{36456C25-E49B-4AC8-A2D2-2ABDB25A385B}.Release|Any CPU.ActiveCfg = Release|Any CPU
		{36456C25-E49B-4AC8-A2D2-2ABDB25A385B}.Release|Any CPU.Build.0 = Release|Any CPU
		{5853D4BE-A881-4F2A-A85A-910E215314CB}.Debug|Any CPU.ActiveCfg = Debug|Any CPU
		{5853D4BE-A881-4F2A-A85A-910E215314CB}.Debug|Any CPU.Build.0 = Debug|Any CPU
		{5853D4BE-A881-4F2A-A85A-910E215314CB}.Release|Any CPU.ActiveCfg = Release|Any CPU
		{5853D4BE-A881-4F2A-A85A-910E215314CB}.Release|Any CPU.Build.0 = Release|Any CPU
		{BD3C976A-13DA-4B4E-9BB8-292EA12DEE1F}.Debug|Any CPU.ActiveCfg = Debug|Any CPU
		{BD3C976A-13DA-4B4E-9BB8-292EA12DEE1F}.Debug|Any CPU.Build.0 = Debug|Any CPU
		{BD3C976A-13DA-4B4E-9BB8-292EA12DEE1F}.Release|Any CPU.ActiveCfg = Release|Any CPU
		{BD3C976A-13DA-4B4E-9BB8-292EA12DEE1F}.Release|Any CPU.Build.0 = Release|Any CPU
		{AB6D59C8-A93B-4941-ADF1-F81E56D9D961}.Debug|Any CPU.ActiveCfg = Debug|Any CPU
		{AB6D59C8-A93B-4941-ADF1-F81E56D9D961}.Debug|Any CPU.Build.0 = Debug|Any CPU
		{AB6D59C8-A93B-4941-ADF1-F81E56D9D961}.Release|Any CPU.ActiveCfg = Release|Any CPU
		{AB6D59C8-A93B-4941-ADF1-F81E56D9D961}.Release|Any CPU.Build.0 = Release|Any CPU
		{FB8E2EA9-76D4-4BF1-98E9-79F5ED9B2506}.Debug|Any CPU.ActiveCfg = Debug|Any CPU
		{FB8E2EA9-76D4-4BF1-98E9-79F5ED9B2506}.Debug|Any CPU.Build.0 = Debug|Any CPU
		{FB8E2EA9-76D4-4BF1-98E9-79F5ED9B2506}.Release|Any CPU.ActiveCfg = Release|Any CPU
		{FB8E2EA9-76D4-4BF1-98E9-79F5ED9B2506}.Release|Any CPU.Build.0 = Release|Any CPU
		{C32C8596-D9A6-4212-87C3-C56F884265F4}.Debug|Any CPU.ActiveCfg = Debug|Any CPU
		{C32C8596-D9A6-4212-87C3-C56F884265F4}.Debug|Any CPU.Build.0 = Debug|Any CPU
		{C32C8596-D9A6-4212-87C3-C56F884265F4}.Release|Any CPU.ActiveCfg = Release|Any CPU
		{C32C8596-D9A6-4212-87C3-C56F884265F4}.Release|Any CPU.Build.0 = Release|Any CPU
	EndGlobalSection
	GlobalSection(SolutionProperties) = preSolution
		HideSolutionNode = FALSE
	EndGlobalSection
	GlobalSection(NestedProjects) = preSolution
		{D16E3B90-1530-44C8-805D-78469C38E15C} = {B2FB97E6-40D3-4CB3-99E0-501E2633E01A}
		{A4E92816-0437-4E16-B863-7811D620539A} = {B2FB97E6-40D3-4CB3-99E0-501E2633E01A}
		{C8600E8E-2410-4E9F-B6F0-C27D628743B0} = {B2FB97E6-40D3-4CB3-99E0-501E2633E01A}
		{C4399231-B530-4F9C-8FB7-427105A68940} = {B2FB97E6-40D3-4CB3-99E0-501E2633E01A}
		{36456C25-E49B-4AC8-A2D2-2ABDB25A385B} = {A4E92816-0437-4E16-B863-7811D620539A}
		{5853D4BE-A881-4F2A-A85A-910E215314CB} = {A4E92816-0437-4E16-B863-7811D620539A}
		{BD3C976A-13DA-4B4E-9BB8-292EA12DEE1F} = {C8600E8E-2410-4E9F-B6F0-C27D628743B0}
		{AB6D59C8-A93B-4941-ADF1-F81E56D9D961} = {C8600E8E-2410-4E9F-B6F0-C27D628743B0}
		{FB8E2EA9-76D4-4BF1-98E9-79F5ED9B2506} = {D16E3B90-1530-44C8-805D-78469C38E15C}
		{C32C8596-D9A6-4212-87C3-C56F884265F4} = {C4399231-B530-4F9C-8FB7-427105A68940}
	EndGlobalSection
	GlobalSection(ExtensibilityGlobals) = postSolution
		SolutionGuid = {BFCA93C8-61D1-4CB9-B2CA-CB8451FEB7B2}
	EndGlobalSection
EndGlobal
